
Microsoft Visual Studio Solution File, Format Version 12.00
# Visual Studio 15
VisualStudioVersion = 15.0.28307.421
MinimumVisualStudioVersion = 10.0.40219.1
Project("{9A19103F-16F7-4668-BE54-9A1E7A4F7556}") = "GreatOutdoor.DataAccessLayer", "GreatOutdoor.DataAccessLayer\GreatOutdoor.DataAccessLayer.csproj", "{459A5AAB-07D3-4B48-821C-5CA735468C72}"
EndProject
Project("{9A19103F-16F7-4668-BE54-9A1E7A4F7556}") = "GreatOutdoor.Entities", "GreatOutdoor.Entities\GreatOutdoor.Entities.csproj", "{35EA939C-5167-4A98-B35F-EE86C498A25B}"
EndProject
Project("{9A19103F-16F7-4668-BE54-9A1E7A4F7556}") = "GreatOutdoor.BusinessLayer", "GreatOutdoor.BusinessLayer\GreatOutdoor.BusinessLayer.csproj", "{8A1B241F-6784-4CAA-B94B-D35B0F397EAE}"
EndProject
Project("{9A19103F-16F7-4668-BE54-9A1E7A4F7556}") = "GreatOutdoor.Exceptions", "GreatOutdoor.Exceptions\GreatOutdoor.Exceptions.csproj", "{A84221FC-17F1-4D0D-A028-09706EE6F784}"
EndProject
Project("{FAE04EC0-301F-11D3-BF4B-00C04F79EFBC}") = "GreatOutdoor.Helpers", "GreatOutdoors.Helpers\GreatOutdoor.Helpers.csproj", "{6D40688D-42D4-40FC-AA73-D6B5D7A119CA}"
EndProject
Project("{FAE04EC0-301F-11D3-BF4B-00C04F79EFBC}") = "GreatOutdoor.Contracts", "GreatOutdoors.Contracts\GreatOutdoor.Contracts.csproj", "{01753E76-1B6F-4B9B-AFB6-2DDFB46610D7}"
EndProject
Project("{FAE04EC0-301F-11D3-BF4B-00C04F79EFBC}") = "GreatOutdoor.Presentation", "GreatOutdoors.Presentation\GreatOutdoor.Presentation.csproj", "{E80C7834-B31B-4492-A262-70ABC6466844}"
EndProject
Project("{FAE04EC0-301F-11D3-BF4B-00C04F79EFBC}") = "GreatOutdoor.UnitTests", "SalespersonTest\GreatOutdoor.UnitTests.csproj", "{34E66592-139F-4720-BEC3-6AF1E022F59C}"
EndProject
Global
	GlobalSection(SolutionConfigurationPlatforms) = preSolution
		Debug|Any CPU = Debug|Any CPU
		Release|Any CPU = Release|Any CPU
	EndGlobalSection
	GlobalSection(ProjectConfigurationPlatforms) = postSolution
		{459A5AAB-07D3-4B48-821C-5CA735468C72}.Debug|Any CPU.ActiveCfg = Debug|Any CPU
		{459A5AAB-07D3-4B48-821C-5CA735468C72}.Debug|Any CPU.Build.0 = Debug|Any CPU
		{459A5AAB-07D3-4B48-821C-5CA735468C72}.Release|Any CPU.ActiveCfg = Release|Any CPU
		{459A5AAB-07D3-4B48-821C-5CA735468C72}.Release|Any CPU.Build.0 = Release|Any CPU
		{35EA939C-5167-4A98-B35F-EE86C498A25B}.Debug|Any CPU.ActiveCfg = Debug|Any CPU
		{35EA939C-5167-4A98-B35F-EE86C498A25B}.Debug|Any CPU.Build.0 = Debug|Any CPU
		{35EA939C-5167-4A98-B35F-EE86C498A25B}.Release|Any CPU.ActiveCfg = Release|Any CPU
		{35EA939C-5167-4A98-B35F-EE86C498A25B}.Release|Any CPU.Build.0 = Release|Any CPU
		{8A1B241F-6784-4CAA-B94B-D35B0F397EAE}.Debug|Any CPU.ActiveCfg = Debug|Any CPU
		{8A1B241F-6784-4CAA-B94B-D35B0F397EAE}.Debug|Any CPU.Build.0 = Debug|Any CPU
		{8A1B241F-6784-4CAA-B94B-D35B0F397EAE}.Release|Any CPU.ActiveCfg = Release|Any CPU
		{8A1B241F-6784-4CAA-B94B-D35B0F397EAE}.Release|Any CPU.Build.0 = Release|Any CPU
		{A84221FC-17F1-4D0D-A028-09706EE6F784}.Debug|Any CPU.ActiveCfg = Debug|Any CPU
		{A84221FC-17F1-4D0D-A028-09706EE6F784}.Debug|Any CPU.Build.0 = Debug|Any CPU
		{A84221FC-17F1-4D0D-A028-09706EE6F784}.Release|Any CPU.ActiveCfg = Release|Any CPU
		{A84221FC-17F1-4D0D-A028-09706EE6F784}.Release|Any CPU.Build.0 = Release|Any CPU
		{6D40688D-42D4-40FC-AA73-D6B5D7A119CA}.Debug|Any CPU.ActiveCfg = Debug|Any CPU
		{6D40688D-42D4-40FC-AA73-D6B5D7A119CA}.Debug|Any CPU.Build.0 = Debug|Any CPU
		{6D40688D-42D4-40FC-AA73-D6B5D7A119CA}.Release|Any CPU.ActiveCfg = Release|Any CPU
		{6D40688D-42D4-40FC-AA73-D6B5D7A119CA}.Release|Any CPU.Build.0 = Release|Any CPU
		{01753E76-1B6F-4B9B-AFB6-2DDFB46610D7}.Debug|Any CPU.ActiveCfg = Debug|Any CPU
		{01753E76-1B6F-4B9B-AFB6-2DDFB46610D7}.Debug|Any CPU.Build.0 = Debug|Any CPU
		{01753E76-1B6F-4B9B-AFB6-2DDFB46610D7}.Release|Any CPU.ActiveCfg = Release|Any CPU
		{01753E76-1B6F-4B9B-AFB6-2DDFB46610D7}.Release|Any CPU.Build.0 = Release|Any CPU
		{E80C7834-B31B-4492-A262-70ABC6466844}.Debug|Any CPU.ActiveCfg = Debug|Any CPU
		{E80C7834-B31B-4492-A262-70ABC6466844}.Debug|Any CPU.Build.0 = Debug|Any CPU
		{E80C7834-B31B-4492-A262-70ABC6466844}.Release|Any CPU.ActiveCfg = Release|Any CPU
		{E80C7834-B31B-4492-A262-70ABC6466844}.Release|Any CPU.Build.0 = Release|Any CPU
		{34E66592-139F-4720-BEC3-6AF1E022F59C}.Debug|Any CPU.ActiveCfg = Debug|Any CPU
		{34E66592-139F-4720-BEC3-6AF1E022F59C}.Debug|Any CPU.Build.0 = Debug|Any CPU
		{34E66592-139F-4720-BEC3-6AF1E022F59C}.Release|Any CPU.ActiveCfg = Release|Any CPU
		{34E66592-139F-4720-BEC3-6AF1E022F59C}.Release|Any CPU.Build.0 = Release|Any CPU
	EndGlobalSection
	GlobalSection(SolutionProperties) = preSolution
		HideSolutionNode = FALSE
	EndGlobalSection
	GlobalSection(ExtensibilityGlobals) = postSolution
		SolutionGuid = {BEBA9201-4370-4843-BDB7-D499321D874B}
	EndGlobalSection
EndGlobal
